
Microsoft Visual Studio Solution File, Format Version 12.00
Project("{FAE04EC0-301F-11D3-BF4B-00C04F79EFBC}") = "SecretsSharing", "SecretsSharing\SecretsSharing.csproj", "{4BD46D8A-E639-4441-8566-FEFFF35F7AD0}"
EndProject
Project("{FAE04EC0-301F-11D3-BF4B-00C04F79EFBC}") = "SecretsSharing.DAL", "SecretsSharing.DAL\SecretsSharing.DAL.csproj", "{A092D56E-CD23-4488-954D-5818C850167F}"
EndProject
Project("{FAE04EC0-301F-11D3-BF4B-00C04F79EFBC}") = "SecretsSharing.BL", "SecretsSharing.BL\SecretsSharing.BL.csproj", "{2F8FE720-73A5-4FCD-87D8-BB04E2326036}"
EndProject
Global
	GlobalSection(SolutionConfigurationPlatforms) = preSolution
		Debug|Any CPU = Debug|Any CPU
		Release|Any CPU = Release|Any CPU
	EndGlobalSection
	GlobalSection(ProjectConfigurationPlatforms) = postSolution
		{4BD46D8A-E639-4441-8566-FEFFF35F7AD0}.Debug|Any CPU.ActiveCfg = Debug|Any CPU
		{4BD46D8A-E639-4441-8566-FEFFF35F7AD0}.Debug|Any CPU.Build.0 = Debug|Any CPU
		{4BD46D8A-E639-4441-8566-FEFFF35F7AD0}.Release|Any CPU.ActiveCfg = Release|Any CPU
		{4BD46D8A-E639-4441-8566-FEFFF35F7AD0}.Release|Any CPU.Build.0 = Release|Any CPU
		{A092D56E-CD23-4488-954D-5818C850167F}.Debug|Any CPU.ActiveCfg = Debug|Any CPU
		{A092D56E-CD23-4488-954D-5818C850167F}.Debug|Any CPU.Build.0 = Debug|Any CPU
		{A092D56E-CD23-4488-954D-5818C850167F}.Release|Any CPU.ActiveCfg = Release|Any CPU
		{A092D56E-CD23-4488-954D-5818C850167F}.Release|Any CPU.Build.0 = Release|Any CPU
		{2F8FE720-73A5-4FCD-87D8-BB04E2326036}.Debug|Any CPU.ActiveCfg = Debug|Any CPU
		{2F8FE720-73A5-4FCD-87D8-BB04E2326036}.Debug|Any CPU.Build.0 = Debug|Any CPU
		{2F8FE720-73A5-4FCD-87D8-BB04E2326036}.Release|Any CPU.ActiveCfg = Release|Any CPU
		{2F8FE720-73A5-4FCD-87D8-BB04E2326036}.Release|Any CPU.Build.0 = Release|Any CPU
	EndGlobalSection
EndGlobal
